
Microsoft Visual Studio Solution File, Format Version 12.00
# Visual Studio 15
VisualStudioVersion = 15.0.27703.2018
MinimumVisualStudioVersion = 10.0.40219.1
Project("{FAE04EC0-301F-11D3-BF4B-00C04F79EFBC}") = "UwpMvc", "..\..\Source\UwpMvc\UwpMvc.csproj", "{33BE4C48-DB53-4CB4-914C-7B79CB4BFFC0}"
EndProject
Project("{FAE04EC0-301F-11D3-BF4B-00C04F79EFBC}") = "SimpleTodo", "SimpleTodo\SimpleTodo.csproj", "{35AF715F-0F7A-441A-AF00-F3D3174AB3EB}"
EndProject
Project("{FAE04EC0-301F-11D3-BF4B-00C04F79EFBC}") = "SimpleTodo.Presentation", "SimpleTodo.Presentation\SimpleTodo.Presentation.csproj", "{C7798C4D-CAA8-4167-8F40-6A6B64CA02F7}"
EndProject
Project("{FAE04EC0-301F-11D3-BF4B-00C04F79EFBC}") = "SimpleTodo.Presentation.Spec", "SimpleTodo.Presentation.Spec\SimpleTodo.Presentation.Spec.csproj", "{29FB1452-4CA4-4FCE-9E35-CE572D9A4679}"
EndProject
Project("{FAE04EC0-301F-11D3-BF4B-00C04F79EFBC}") = "SimpleTodo.SpecRunner", "SimpleTodo.SpecRunner\SimpleTodo.SpecRunner.csproj", "{812E9AE5-B27E-4E8D-8C0B-93121F329870}"
EndProject
Global
	GlobalSection(SolutionConfigurationPlatforms) = preSolution
		Debug|Any CPU = Debug|Any CPU
		Debug|ARM = Debug|ARM
		Debug|x64 = Debug|x64
		Debug|x86 = Debug|x86
		Release|Any CPU = Release|Any CPU
		Release|ARM = Release|ARM
		Release|x64 = Release|x64
		Release|x86 = Release|x86
	EndGlobalSection
	GlobalSection(ProjectConfigurationPlatforms) = postSolution
		{33BE4C48-DB53-4CB4-914C-7B79CB4BFFC0}.Debug|Any CPU.ActiveCfg = Debug|Any CPU
		{33BE4C48-DB53-4CB4-914C-7B79CB4BFFC0}.Debug|Any CPU.Build.0 = Debug|Any CPU
		{33BE4C48-DB53-4CB4-914C-7B79CB4BFFC0}.Debug|ARM.ActiveCfg = Debug|ARM
		{33BE4C48-DB53-4CB4-914C-7B79CB4BFFC0}.Debug|ARM.Build.0 = Debug|ARM
		{33BE4C48-DB53-4CB4-914C-7B79CB4BFFC0}.Debug|x64.ActiveCfg = Debug|x64
		{33BE4C48-DB53-4CB4-914C-7B79CB4BFFC0}.Debug|x64.Build.0 = Debug|x64
		{33BE4C48-DB53-4CB4-914C-7B79CB4BFFC0}.Debug|x86.ActiveCfg = Debug|x86
		{33BE4C48-DB53-4CB4-914C-7B79CB4BFFC0}.Debug|x86.Build.0 = Debug|x86
		{33BE4C48-DB53-4CB4-914C-7B79CB4BFFC0}.Release|Any CPU.ActiveCfg = Release|Any CPU
		{33BE4C48-DB53-4CB4-914C-7B79CB4BFFC0}.Release|Any CPU.Build.0 = Release|Any CPU
		{33BE4C48-DB53-4CB4-914C-7B79CB4BFFC0}.Release|ARM.ActiveCfg = Release|ARM
		{33BE4C48-DB53-4CB4-914C-7B79CB4BFFC0}.Release|ARM.Build.0 = Release|ARM
		{33BE4C48-DB53-4CB4-914C-7B79CB4BFFC0}.Release|x64.ActiveCfg = Release|x64
		{33BE4C48-DB53-4CB4-914C-7B79CB4BFFC0}.Release|x64.Build.0 = Release|x64
		{33BE4C48-DB53-4CB4-914C-7B79CB4BFFC0}.Release|x86.ActiveCfg = Release|x86
		{33BE4C48-DB53-4CB4-914C-7B79CB4BFFC0}.Release|x86.Build.0 = Release|x86
		{35AF715F-0F7A-441A-AF00-F3D3174AB3EB}.Debug|Any CPU.ActiveCfg = Debug|x86
		{35AF715F-0F7A-441A-AF00-F3D3174AB3EB}.Debug|ARM.ActiveCfg = Debug|ARM
		{35AF715F-0F7A-441A-AF00-F3D3174AB3EB}.Debug|ARM.Build.0 = Debug|ARM
		{35AF715F-0F7A-441A-AF00-F3D3174AB3EB}.Debug|ARM.Deploy.0 = Debug|ARM
		{35AF715F-0F7A-441A-AF00-F3D3174AB3EB}.Debug|x64.ActiveCfg = Debug|x64
		{35AF715F-0F7A-441A-AF00-F3D3174AB3EB}.Debug|x64.Build.0 = Debug|x64
		{35AF715F-0F7A-441A-AF00-F3D3174AB3EB}.Debug|x64.Deploy.0 = Debug|x64
		{35AF715F-0F7A-441A-AF00-F3D3174AB3EB}.Debug|x86.ActiveCfg = Debug|x86
		{35AF715F-0F7A-441A-AF00-F3D3174AB3EB}.Debug|x86.Build.0 = Debug|x86
		{35AF715F-0F7A-441A-AF00-F3D3174AB3EB}.Debug|x86.Deploy.0 = Debug|x86
		{35AF715F-0F7A-441A-AF00-F3D3174AB3EB}.Release|Any CPU.ActiveCfg = Release|x86
		{35AF715F-0F7A-441A-AF00-F3D3174AB3EB}.Release|ARM.ActiveCfg = Release|ARM
		{35AF715F-0F7A-441A-AF00-F3D3174AB3EB}.Release|ARM.Build.0 = Release|ARM
		{35AF715F-0F7A-441A-AF00-F3D3174AB3EB}.Release|ARM.Deploy.0 = Release|ARM
		{35AF715F-0F7A-441A-AF00-F3D3174AB3EB}.Release|x64.ActiveCfg = Release|x64
		{35AF715F-0F7A-441A-AF00-F3D3174AB3EB}.Release|x64.Build.0 = Release|x64
		{35AF715F-0F7A-441A-AF00-F3D3174AB3EB}.Release|x64.Deploy.0 = Release|x64
		{35AF715F-0F7A-441A-AF00-F3D3174AB3EB}.Release|x86.ActiveCfg = Release|x86
		{35AF715F-0F7A-441A-AF00-F3D3174AB3EB}.Release|x86.Build.0 = Release|x86
		{35AF715F-0F7A-441A-AF00-F3D3174AB3EB}.Release|x86.Deploy.0 = Release|x86
		{C7798C4D-CAA8-4167-8F40-6A6B64CA02F7}.Debug|Any CPU.ActiveCfg = Debug|Any CPU
		{C7798C4D-CAA8-4167-8F40-6A6B64CA02F7}.Debug|Any CPU.Build.0 = Debug|Any CPU
		{C7798C4D-CAA8-4167-8F40-6A6B64CA02F7}.Debug|ARM.ActiveCfg = Debug|ARM
		{C7798C4D-CAA8-4167-8F40-6A6B64CA02F7}.Debug|ARM.Build.0 = Debug|ARM
		{C7798C4D-CAA8-4167-8F40-6A6B64CA02F7}.Debug|x64.ActiveCfg = Debug|x64
		{C7798C4D-CAA8-4167-8F40-6A6B64CA02F7}.Debug|x64.Build.0 = Debug|x64
		{C7798C4D-CAA8-4167-8F40-6A6B64CA02F7}.Debug|x86.ActiveCfg = Debug|x86
		{C7798C4D-CAA8-4167-8F40-6A6B64CA02F7}.Debug|x86.Build.0 = Debug|x86
		{C7798C4D-CAA8-4167-8F40-6A6B64CA02F7}.Release|Any CPU.ActiveCfg = Release|Any CPU
		{C7798C4D-CAA8-4167-8F40-6A6B64CA02F7}.Release|Any CPU.Build.0 = Release|Any CPU
		{C7798C4D-CAA8-4167-8F40-6A6B64CA02F7}.Release|ARM.ActiveCfg = Release|ARM
		{C7798C4D-CAA8-4167-8F40-6A6B64CA02F7}.Release|ARM.Build.0 = Release|ARM
		{C7798C4D-CAA8-4167-8F40-6A6B64CA02F7}.Release|x64.ActiveCfg = Release|x64
		{C7798C4D-CAA8-4167-8F40-6A6B64CA02F7}.Release|x64.Build.0 = Release|x64
		{C7798C4D-CAA8-4167-8F40-6A6B64CA02F7}.Release|x86.ActiveCfg = Release|x86
		{C7798C4D-CAA8-4167-8F40-6A6B64CA02F7}.Release|x86.Build.0 = Release|x86
		{29FB1452-4CA4-4FCE-9E35-CE572D9A4679}.Debug|Any CPU.ActiveCfg = Debug|Any CPU
		{29FB1452-4CA4-4FCE-9E35-CE572D9A4679}.Debug|Any CPU.Build.0 = Debug|Any CPU
		{29FB1452-4CA4-4FCE-9E35-CE572D9A4679}.Debug|ARM.ActiveCfg = Debug|ARM
		{29FB1452-4CA4-4FCE-9E35-CE572D9A4679}.Debug|ARM.Build.0 = Debug|ARM
		{29FB1452-4CA4-4FCE-9E35-CE572D9A4679}.Debug|x64.ActiveCfg = Debug|x64
		{29FB1452-4CA4-4FCE-9E35-CE572D9A4679}.Debug|x64.Build.0 = Debug|x64
		{29FB1452-4CA4-4FCE-9E35-CE572D9A4679}.Debug|x86.ActiveCfg = Debug|x86
		{29FB1452-4CA4-4FCE-9E35-CE572D9A4679}.Debug|x86.Build.0 = Debug|x86
		{29FB1452-4CA4-4FCE-9E35-CE572D9A4679}.Release|Any CPU.ActiveCfg = Release|Any CPU
		{29FB1452-4CA4-4FCE-9E35-CE572D9A4679}.Release|Any CPU.Build.0 = Release|Any CPU
		{29FB1452-4CA4-4FCE-9E35-CE572D9A4679}.Release|ARM.ActiveCfg = Release|ARM
		{29FB1452-4CA4-4FCE-9E35-CE572D9A4679}.Release|ARM.Build.0 = Release|ARM
		{29FB1452-4CA4-4FCE-9E35-CE572D9A4679}.Release|x64.ActiveCfg = Release|x64
		{29FB1452-4CA4-4FCE-9E35-CE572D9A4679}.Release|x64.Build.0 = Release|x64
		{29FB1452-4CA4-4FCE-9E35-CE572D9A4679}.Release|x86.ActiveCfg = Release|x86
		{29FB1452-4CA4-4FCE-9E35-CE572D9A4679}.Release|x86.Build.0 = Release|x86
		{812E9AE5-B27E-4E8D-8C0B-93121F329870}.Debug|Any CPU.ActiveCfg = Debug|x86
		{812E9AE5-B27E-4E8D-8C0B-93121F329870}.Debug|ARM.ActiveCfg = Debug|ARM
		{812E9AE5-B27E-4E8D-8C0B-93121F329870}.Debug|ARM.Build.0 = Debug|ARM
		{812E9AE5-B27E-4E8D-8C0B-93121F329870}.Debug|ARM.Deploy.0 = Debug|ARM
		{812E9AE5-B27E-4E8D-8C0B-93121F329870}.Debug|x64.ActiveCfg = Debug|x64
		{812E9AE5-B27E-4E8D-8C0B-93121F329870}.Debug|x64.Build.0 = Debug|x64
		{812E9AE5-B27E-4E8D-8C0B-93121F329870}.Debug|x64.Deploy.0 = Debug|x64
		{812E9AE5-B27E-4E8D-8C0B-93121F329870}.Debug|x86.ActiveCfg = Debug|x86
		{812E9AE5-B27E-4E8D-8C0B-93121F329870}.Debug|x86.Build.0 = Debug|x86
		{812E9AE5-B27E-4E8D-8C0B-93121F329870}.Debug|x86.Deploy.0 = Debug|x86
		{812E9AE5-B27E-4E8D-8C0B-93121F329870}.Release|Any CPU.ActiveCfg = Release|x86
		{812E9AE5-B27E-4E8D-8C0B-93121F329870}.Release|ARM.ActiveCfg = Release|ARM
		{812E9AE5-B27E-4E8D-8C0B-93121F329870}.Release|ARM.Build.0 = Release|ARM
		{812E9AE5-B27E-4E8D-8C0B-93121F329870}.Release|ARM.Deploy.0 = Release|ARM
		{812E9AE5-B27E-4E8D-8C0B-93121F329870}.Release|x64.ActiveCfg = Release|x64
		{812E9AE5-B27E-4E8D-8C0B-93121F329870}.Release|x64.Build.0 = Release|x64
		{812E9AE5-B27E-4E8D-8C0B-93121F329870}.Release|x64.Deploy.0 = Release|x64
		{812E9AE5-B27E-4E8D-8C0B-93121F329870}.Release|x86.ActiveCfg = Release|x86
		{812E9AE5-B27E-4E8D-8C0B-93121F329870}.Release|x86.Build.0 = Release|x86
		{812E9AE5-B27E-4E8D-8C0B-93121F329870}.Release|x86.Deploy.0 = Release|x86
	EndGlobalSection
	GlobalSection(SolutionProperties) = preSolution
		HideSolutionNode = FALSE
	EndGlobalSection
	GlobalSection(ExtensibilityGlobals) = postSolution
		SolutionGuid = {A5D76CBE-4908-4A2C-BED6-8F64D393248C}
	EndGlobalSection
EndGlobal
