
Microsoft Visual Studio Solution File, Format Version 12.00
# Visual Studio 15
VisualStudioVersion = 15.0.27703.2018
MinimumVisualStudioVersion = 10.0.40219.1
Project("{FAE04EC0-301F-11D3-BF4B-00C04F79EFBC}") = "UwpMvc", "..\..\Source\UwpMvc\UwpMvc.csproj", "{33BE4C48-DB53-4CB4-914C-7B79CB4BFFC0}"
EndProject
Project("{FAE04EC0-301F-11D3-BF4B-00C04F79EFBC}") = "SimpleLoginDemo.Presentation", "SimpleLoginDemo.Presentation\SimpleLoginDemo.Presentation.csproj", "{1C37EDAE-008E-499D-AF87-C8DE50D5F2C0}"
EndProject
Project("{FAE04EC0-301F-11D3-BF4B-00C04F79EFBC}") = "SimpleLoginDemo.Adapter", "SimpleLoginDemo.Adapter\SimpleLoginDemo.Adapter.csproj", "{07928E3E-6CFC-46C4-A1EF-A8636EC3E874}"
EndProject
Project("{FAE04EC0-301F-11D3-BF4B-00C04F79EFBC}") = "SimpleLoginDemo.SpecRunner", "SimpleLoginDemo.SpecRunner\SimpleLoginDemo.SpecRunner.csproj", "{FFD5E1B2-2143-4671-8B02-245FC7D95126}"
EndProject
Project("{FAE04EC0-301F-11D3-BF4B-00C04F79EFBC}") = "SimpleLoginDemo.Presentation.Spec", "SimpleLoginDemo.Presentation.Spec\SimpleLoginDemo.Presentation.Spec.csproj", "{9128AB7A-E1E7-41BA-85B2-213F43D847E9}"
EndProject
Project("{FAE04EC0-301F-11D3-BF4B-00C04F79EFBC}") = "SimpleLoginDemo", "SimpleLoginDemo\SimpleLoginDemo.csproj", "{DB686DD5-B35E-47B9-8D82-451B3A96DF92}"
EndProject
Global
	GlobalSection(SolutionConfigurationPlatforms) = preSolution
		Debug|Any CPU = Debug|Any CPU
		Debug|ARM = Debug|ARM
		Debug|x64 = Debug|x64
		Debug|x86 = Debug|x86
		Release|Any CPU = Release|Any CPU
		Release|ARM = Release|ARM
		Release|x64 = Release|x64
		Release|x86 = Release|x86
	EndGlobalSection
	GlobalSection(ProjectConfigurationPlatforms) = postSolution
		{33BE4C48-DB53-4CB4-914C-7B79CB4BFFC0}.Debug|Any CPU.ActiveCfg = Debug|Any CPU
		{33BE4C48-DB53-4CB4-914C-7B79CB4BFFC0}.Debug|Any CPU.Build.0 = Debug|Any CPU
		{33BE4C48-DB53-4CB4-914C-7B79CB4BFFC0}.Debug|ARM.ActiveCfg = Debug|ARM
		{33BE4C48-DB53-4CB4-914C-7B79CB4BFFC0}.Debug|ARM.Build.0 = Debug|ARM
		{33BE4C48-DB53-4CB4-914C-7B79CB4BFFC0}.Debug|x64.ActiveCfg = Debug|x64
		{33BE4C48-DB53-4CB4-914C-7B79CB4BFFC0}.Debug|x64.Build.0 = Debug|x64
		{33BE4C48-DB53-4CB4-914C-7B79CB4BFFC0}.Debug|x86.ActiveCfg = Debug|x86
		{33BE4C48-DB53-4CB4-914C-7B79CB4BFFC0}.Debug|x86.Build.0 = Debug|x86
		{33BE4C48-DB53-4CB4-914C-7B79CB4BFFC0}.Release|Any CPU.ActiveCfg = Release|Any CPU
		{33BE4C48-DB53-4CB4-914C-7B79CB4BFFC0}.Release|Any CPU.Build.0 = Release|Any CPU
		{33BE4C48-DB53-4CB4-914C-7B79CB4BFFC0}.Release|ARM.ActiveCfg = Release|ARM
		{33BE4C48-DB53-4CB4-914C-7B79CB4BFFC0}.Release|ARM.Build.0 = Release|ARM
		{33BE4C48-DB53-4CB4-914C-7B79CB4BFFC0}.Release|x64.ActiveCfg = Release|x64
		{33BE4C48-DB53-4CB4-914C-7B79CB4BFFC0}.Release|x64.Build.0 = Release|x64
		{33BE4C48-DB53-4CB4-914C-7B79CB4BFFC0}.Release|x86.ActiveCfg = Release|x86
		{33BE4C48-DB53-4CB4-914C-7B79CB4BFFC0}.Release|x86.Build.0 = Release|x86
		{1C37EDAE-008E-499D-AF87-C8DE50D5F2C0}.Debug|Any CPU.ActiveCfg = Debug|Any CPU
		{1C37EDAE-008E-499D-AF87-C8DE50D5F2C0}.Debug|Any CPU.Build.0 = Debug|Any CPU
		{1C37EDAE-008E-499D-AF87-C8DE50D5F2C0}.Debug|ARM.ActiveCfg = Debug|ARM
		{1C37EDAE-008E-499D-AF87-C8DE50D5F2C0}.Debug|ARM.Build.0 = Debug|ARM
		{1C37EDAE-008E-499D-AF87-C8DE50D5F2C0}.Debug|x64.ActiveCfg = Debug|x64
		{1C37EDAE-008E-499D-AF87-C8DE50D5F2C0}.Debug|x64.Build.0 = Debug|x64
		{1C37EDAE-008E-499D-AF87-C8DE50D5F2C0}.Debug|x86.ActiveCfg = Debug|x86
		{1C37EDAE-008E-499D-AF87-C8DE50D5F2C0}.Debug|x86.Build.0 = Debug|x86
		{1C37EDAE-008E-499D-AF87-C8DE50D5F2C0}.Release|Any CPU.ActiveCfg = Release|Any CPU
		{1C37EDAE-008E-499D-AF87-C8DE50D5F2C0}.Release|Any CPU.Build.0 = Release|Any CPU
		{1C37EDAE-008E-499D-AF87-C8DE50D5F2C0}.Release|ARM.ActiveCfg = Release|ARM
		{1C37EDAE-008E-499D-AF87-C8DE50D5F2C0}.Release|ARM.Build.0 = Release|ARM
		{1C37EDAE-008E-499D-AF87-C8DE50D5F2C0}.Release|x64.ActiveCfg = Release|x64
		{1C37EDAE-008E-499D-AF87-C8DE50D5F2C0}.Release|x64.Build.0 = Release|x64
		{1C37EDAE-008E-499D-AF87-C8DE50D5F2C0}.Release|x86.ActiveCfg = Release|x86
		{1C37EDAE-008E-499D-AF87-C8DE50D5F2C0}.Release|x86.Build.0 = Release|x86
		{07928E3E-6CFC-46C4-A1EF-A8636EC3E874}.Debug|Any CPU.ActiveCfg = Debug|Any CPU
		{07928E3E-6CFC-46C4-A1EF-A8636EC3E874}.Debug|Any CPU.Build.0 = Debug|Any CPU
		{07928E3E-6CFC-46C4-A1EF-A8636EC3E874}.Debug|ARM.ActiveCfg = Debug|ARM
		{07928E3E-6CFC-46C4-A1EF-A8636EC3E874}.Debug|ARM.Build.0 = Debug|ARM
		{07928E3E-6CFC-46C4-A1EF-A8636EC3E874}.Debug|x64.ActiveCfg = Debug|x64
		{07928E3E-6CFC-46C4-A1EF-A8636EC3E874}.Debug|x64.Build.0 = Debug|x64
		{07928E3E-6CFC-46C4-A1EF-A8636EC3E874}.Debug|x86.ActiveCfg = Debug|x86
		{07928E3E-6CFC-46C4-A1EF-A8636EC3E874}.Debug|x86.Build.0 = Debug|x86
		{07928E3E-6CFC-46C4-A1EF-A8636EC3E874}.Release|Any CPU.ActiveCfg = Release|Any CPU
		{07928E3E-6CFC-46C4-A1EF-A8636EC3E874}.Release|Any CPU.Build.0 = Release|Any CPU
		{07928E3E-6CFC-46C4-A1EF-A8636EC3E874}.Release|ARM.ActiveCfg = Release|ARM
		{07928E3E-6CFC-46C4-A1EF-A8636EC3E874}.Release|ARM.Build.0 = Release|ARM
		{07928E3E-6CFC-46C4-A1EF-A8636EC3E874}.Release|x64.ActiveCfg = Release|x64
		{07928E3E-6CFC-46C4-A1EF-A8636EC3E874}.Release|x64.Build.0 = Release|x64
		{07928E3E-6CFC-46C4-A1EF-A8636EC3E874}.Release|x86.ActiveCfg = Release|x86
		{07928E3E-6CFC-46C4-A1EF-A8636EC3E874}.Release|x86.Build.0 = Release|x86
		{FFD5E1B2-2143-4671-8B02-245FC7D95126}.Debug|Any CPU.ActiveCfg = Debug|x86
		{FFD5E1B2-2143-4671-8B02-245FC7D95126}.Debug|ARM.ActiveCfg = Debug|ARM
		{FFD5E1B2-2143-4671-8B02-245FC7D95126}.Debug|ARM.Build.0 = Debug|ARM
		{FFD5E1B2-2143-4671-8B02-245FC7D95126}.Debug|ARM.Deploy.0 = Debug|ARM
		{FFD5E1B2-2143-4671-8B02-245FC7D95126}.Debug|x64.ActiveCfg = Debug|x64
		{FFD5E1B2-2143-4671-8B02-245FC7D95126}.Debug|x64.Build.0 = Debug|x64
		{FFD5E1B2-2143-4671-8B02-245FC7D95126}.Debug|x64.Deploy.0 = Debug|x64
		{FFD5E1B2-2143-4671-8B02-245FC7D95126}.Debug|x86.ActiveCfg = Debug|x86
		{FFD5E1B2-2143-4671-8B02-245FC7D95126}.Debug|x86.Build.0 = Debug|x86
		{FFD5E1B2-2143-4671-8B02-245FC7D95126}.Debug|x86.Deploy.0 = Debug|x86
		{FFD5E1B2-2143-4671-8B02-245FC7D95126}.Release|Any CPU.ActiveCfg = Release|x86
		{FFD5E1B2-2143-4671-8B02-245FC7D95126}.Release|ARM.ActiveCfg = Release|ARM
		{FFD5E1B2-2143-4671-8B02-245FC7D95126}.Release|ARM.Build.0 = Release|ARM
		{FFD5E1B2-2143-4671-8B02-245FC7D95126}.Release|ARM.Deploy.0 = Release|ARM
		{FFD5E1B2-2143-4671-8B02-245FC7D95126}.Release|x64.ActiveCfg = Release|x64
		{FFD5E1B2-2143-4671-8B02-245FC7D95126}.Release|x64.Build.0 = Release|x64
		{FFD5E1B2-2143-4671-8B02-245FC7D95126}.Release|x64.Deploy.0 = Release|x64
		{FFD5E1B2-2143-4671-8B02-245FC7D95126}.Release|x86.ActiveCfg = Release|x86
		{FFD5E1B2-2143-4671-8B02-245FC7D95126}.Release|x86.Build.0 = Release|x86
		{FFD5E1B2-2143-4671-8B02-245FC7D95126}.Release|x86.Deploy.0 = Release|x86
		{9128AB7A-E1E7-41BA-85B2-213F43D847E9}.Debug|Any CPU.ActiveCfg = Debug|Any CPU
		{9128AB7A-E1E7-41BA-85B2-213F43D847E9}.Debug|Any CPU.Build.0 = Debug|Any CPU
		{9128AB7A-E1E7-41BA-85B2-213F43D847E9}.Debug|ARM.ActiveCfg = Debug|ARM
		{9128AB7A-E1E7-41BA-85B2-213F43D847E9}.Debug|ARM.Build.0 = Debug|ARM
		{9128AB7A-E1E7-41BA-85B2-213F43D847E9}.Debug|x64.ActiveCfg = Debug|x64
		{9128AB7A-E1E7-41BA-85B2-213F43D847E9}.Debug|x64.Build.0 = Debug|x64
		{9128AB7A-E1E7-41BA-85B2-213F43D847E9}.Debug|x86.ActiveCfg = Debug|x86
		{9128AB7A-E1E7-41BA-85B2-213F43D847E9}.Debug|x86.Build.0 = Debug|x86
		{9128AB7A-E1E7-41BA-85B2-213F43D847E9}.Release|Any CPU.ActiveCfg = Release|Any CPU
		{9128AB7A-E1E7-41BA-85B2-213F43D847E9}.Release|Any CPU.Build.0 = Release|Any CPU
		{9128AB7A-E1E7-41BA-85B2-213F43D847E9}.Release|ARM.ActiveCfg = Release|ARM
		{9128AB7A-E1E7-41BA-85B2-213F43D847E9}.Release|ARM.Build.0 = Release|ARM
		{9128AB7A-E1E7-41BA-85B2-213F43D847E9}.Release|x64.ActiveCfg = Release|x64
		{9128AB7A-E1E7-41BA-85B2-213F43D847E9}.Release|x64.Build.0 = Release|x64
		{9128AB7A-E1E7-41BA-85B2-213F43D847E9}.Release|x86.ActiveCfg = Release|x86
		{9128AB7A-E1E7-41BA-85B2-213F43D847E9}.Release|x86.Build.0 = Release|x86
		{DB686DD5-B35E-47B9-8D82-451B3A96DF92}.Debug|Any CPU.ActiveCfg = Debug|x86
		{DB686DD5-B35E-47B9-8D82-451B3A96DF92}.Debug|ARM.ActiveCfg = Debug|ARM
		{DB686DD5-B35E-47B9-8D82-451B3A96DF92}.Debug|ARM.Build.0 = Debug|ARM
		{DB686DD5-B35E-47B9-8D82-451B3A96DF92}.Debug|ARM.Deploy.0 = Debug|ARM
		{DB686DD5-B35E-47B9-8D82-451B3A96DF92}.Debug|x64.ActiveCfg = Debug|x64
		{DB686DD5-B35E-47B9-8D82-451B3A96DF92}.Debug|x64.Build.0 = Debug|x64
		{DB686DD5-B35E-47B9-8D82-451B3A96DF92}.Debug|x64.Deploy.0 = Debug|x64
		{DB686DD5-B35E-47B9-8D82-451B3A96DF92}.Debug|x86.ActiveCfg = Debug|x86
		{DB686DD5-B35E-47B9-8D82-451B3A96DF92}.Debug|x86.Build.0 = Debug|x86
		{DB686DD5-B35E-47B9-8D82-451B3A96DF92}.Debug|x86.Deploy.0 = Debug|x86
		{DB686DD5-B35E-47B9-8D82-451B3A96DF92}.Release|Any CPU.ActiveCfg = Release|x86
		{DB686DD5-B35E-47B9-8D82-451B3A96DF92}.Release|ARM.ActiveCfg = Release|ARM
		{DB686DD5-B35E-47B9-8D82-451B3A96DF92}.Release|ARM.Build.0 = Release|ARM
		{DB686DD5-B35E-47B9-8D82-451B3A96DF92}.Release|ARM.Deploy.0 = Release|ARM
		{DB686DD5-B35E-47B9-8D82-451B3A96DF92}.Release|x64.ActiveCfg = Release|x64
		{DB686DD5-B35E-47B9-8D82-451B3A96DF92}.Release|x64.Build.0 = Release|x64
		{DB686DD5-B35E-47B9-8D82-451B3A96DF92}.Release|x64.Deploy.0 = Release|x64
		{DB686DD5-B35E-47B9-8D82-451B3A96DF92}.Release|x86.ActiveCfg = Release|x86
		{DB686DD5-B35E-47B9-8D82-451B3A96DF92}.Release|x86.Build.0 = Release|x86
		{DB686DD5-B35E-47B9-8D82-451B3A96DF92}.Release|x86.Deploy.0 = Release|x86
	EndGlobalSection
	GlobalSection(SolutionProperties) = preSolution
		HideSolutionNode = FALSE
	EndGlobalSection
	GlobalSection(ExtensibilityGlobals) = postSolution
		SolutionGuid = {05C9C726-25C6-433D-9A7E-84B773354D36}
	EndGlobalSection
EndGlobal
